
Microsoft Visual Studio Solution File, Format Version 12.00
# Visual Studio Version 16
VisualStudioVersion = 16.0.32407.337
MinimumVisualStudioVersion = 10.0.40219.1
Project("{8BC9CEB8-8B4A-11D0-8D11-00A0C91BC942}") = "VCpp_week5", "VCpp_week5\VCpp_week5.vcxproj", "{63240169-74F0-4548-8E2A-F8B2F344A61F}"
EndProject
Global
	GlobalSection(SolutionConfigurationPlatforms) = preSolution
		Debug|x64 = Debug|x64
		Debug|x86 = Debug|x86
		Release|x64 = Release|x64
		Release|x86 = Release|x86
	EndGlobalSection
	GlobalSection(ProjectConfigurationPlatforms) = postSolution
		{63240169-74F0-4548-8E2A-F8B2F344A61F}.Debug|x64.ActiveCfg = Debug|x64
		{63240169-74F0-4548-8E2A-F8B2F344A61F}.Debug|x64.Build.0 = Debug|x64
		{63240169-74F0-4548-8E2A-F8B2F344A61F}.Debug|x86.ActiveCfg = Debug|Win32
		{63240169-74F0-4548-8E2A-F8B2F344A61F}.Debug|x86.Build.0 = Debug|Win32
		{63240169-74F0-4548-8E2A-F8B2F344A61F}.Release|x64.ActiveCfg = Release|x64
		{63240169-74F0-4548-8E2A-F8B2F344A61F}.Release|x64.Build.0 = Release|x64
		{63240169-74F0-4548-8E2A-F8B2F344A61F}.Release|x86.ActiveCfg = Release|Win32
		{63240169-74F0-4548-8E2A-F8B2F344A61F}.Release|x86.Build.0 = Release|Win32
	EndGlobalSection
	GlobalSection(SolutionProperties) = preSolution
		HideSolutionNode = FALSE
	EndGlobalSection
	GlobalSection(ExtensibilityGlobals) = postSolution
		SolutionGuid = {66896569-EC14-4B64-9445-3549AB11A250}
	EndGlobalSection
EndGlobal
